// !$*UTF8*$!
{
	archiveVersion = 1;
	classes = {
	};
	objectVersion = 46;
	objects = {

/* Begin PBXBuildFile section */
		A43754EF1D5D066C0038DE67 /* MapKit.framework in Frameworks */ = {isa = PBXBuildFile; fileRef = A43754EE1D5D066C0038DE67 /* MapKit.framework */; };
		A49B97A71D5529DB0004F0D3 /* AppDelegate.swift in Sources */ = {isa = PBXBuildFile; fileRef = A49B97A61D5529DB0004F0D3 /* AppDelegate.swift */; };
		A49B97AE1D5529DB0004F0D3 /* Main.storyboard in Resources */ = {isa = PBXBuildFile; fileRef = A49B97AC1D5529DB0004F0D3 /* Main.storyboard */; };
		A49B97B01D5529DB0004F0D3 /* Assets.xcassets in Resources */ = {isa = PBXBuildFile; fileRef = A49B97AF1D5529DB0004F0D3 /* Assets.xcassets */; };
		A49B97B31D5529DB0004F0D3 /* LaunchScreen.storyboard in Resources */ = {isa = PBXBuildFile; fileRef = A49B97B11D5529DB0004F0D3 /* LaunchScreen.storyboard */; };
		A49B97BF1D552A680004F0D3 /* HomeViewController.swift in Sources */ = {isa = PBXBuildFile; fileRef = A49B97BE1D552A680004F0D3 /* HomeViewController.swift */; };
		A49B97C11D552A9A0004F0D3 /* TripsTableViewController.swift in Sources */ = {isa = PBXBuildFile; fileRef = A49B97C01D552A9A0004F0D3 /* TripsTableViewController.swift */; };
		A49B97C31D552AD40004F0D3 /* AirportViewController.swift in Sources */ = {isa = PBXBuildFile; fileRef = A49B97C21D552AD40004F0D3 /* AirportViewController.swift */; };
		A49B97C51D552B000004F0D3 /* APIController.swift in Sources */ = {isa = PBXBuildFile; fileRef = A49B97C41D552B000004F0D3 /* APIController.swift */; };
		A49B97C71D552D3E0004F0D3 /* DataStore.swift in Sources */ = {isa = PBXBuildFile; fileRef = A49B97C61D552D3E0004F0D3 /* DataStore.swift */; };
		A49B97C91D552D5C0004F0D3 /* Airport.swift in Sources */ = {isa = PBXBuildFile; fileRef = A49B97C81D552D5C0004F0D3 /* Airport.swift */; };
		A49B97CB1D552D850004F0D3 /* AirportCodeTableViewCell.swift in Sources */ = {isa = PBXBuildFile; fileRef = A49B97CA1D552D850004F0D3 /* AirportCodeTableViewCell.swift */; };
		A49B97CD1D552DBE0004F0D3 /* MapViewController.swift in Sources */ = {isa = PBXBuildFile; fileRef = A49B97CC1D552DBE0004F0D3 /* MapViewController.swift */; };
/* End PBXBuildFile section */

/* Begin PBXFileReference section */
		A43754EE1D5D066C0038DE67 /* MapKit.framework */ = {isa = PBXFileReference; lastKnownFileType = wrapper.framework; name = MapKit.framework; path = System/Library/Frameworks/MapKit.framework; sourceTree = SDKROOT; };
		A49B97A31D5529DB0004F0D3 /* trvlAir.app */ = {isa = PBXFileReference; explicitFileType = wrapper.application; includeInIndex = 0; path = trvlAir.app; sourceTree = BUILT_PRODUCTS_DIR; };
		A49B97A61D5529DB0004F0D3 /* AppDelegate.swift */ = {isa = PBXFileReference; lastKnownFileType = sourcecode.swift; path = AppDelegate.swift; sourceTree = "<group>"; };
		A49B97AD1D5529DB0004F0D3 /* Base */ = {isa = PBXFileReference; lastKnownFileType = file.storyboard; name = Base; path = Base.lproj/Main.storyboard; sourceTree = "<group>"; };
		A49B97AF1D5529DB0004F0D3 /* Assets.xcassets */ = {isa = PBXFileReference; lastKnownFileType = folder.assetcatalog; path = Assets.xcassets; sourceTree = "<group>"; };
		A49B97B21D5529DB0004F0D3 /* Base */ = {isa = PBXFileReference; lastKnownFileType = file.storyboard; name = Base; path = Base.lproj/LaunchScreen.storyboard; sourceTree = "<group>"; };
		A49B97B41D5529DB0004F0D3 /* Info.plist */ = {isa = PBXFileReference; lastKnownFileType = text.plist.xml; path = Info.plist; sourceTree = "<group>"; };
		A49B97BE1D552A680004F0D3 /* HomeViewController.swift */ = {isa = PBXFileReference; fileEncoding = 4; lastKnownFileType = sourcecode.swift; path = HomeViewController.swift; sourceTree = "<group>"; };
		A49B97C01D552A9A0004F0D3 /* TripsTableViewController.swift */ = {isa = PBXFileReference; fileEncoding = 4; lastKnownFileType = sourcecode.swift; path = TripsTableViewController.swift; sourceTree = "<group>"; };
		A49B97C21D552AD40004F0D3 /* AirportViewController.swift */ = {isa = PBXFileReference; fileEncoding = 4; lastKnownFileType = sourcecode.swift; path = AirportViewController.swift; sourceTree = "<group>"; };
		A49B97C41D552B000004F0D3 /* APIController.swift */ = {isa = PBXFileReference; fileEncoding = 4; lastKnownFileType = sourcecode.swift; path = APIController.swift; sourceTree = "<group>"; };
		A49B97C61D552D3E0004F0D3 /* DataStore.swift */ = {isa = PBXFileReference; fileEncoding = 4; lastKnownFileType = sourcecode.swift; path = DataStore.swift; sourceTree = "<group>"; };
		A49B97C81D552D5C0004F0D3 /* Airport.swift */ = {isa = PBXFileReference; fileEncoding = 4; lastKnownFileType = sourcecode.swift; path = Airport.swift; sourceTree = "<group>"; };
		A49B97CA1D552D850004F0D3 /* AirportCodeTableViewCell.swift */ = {isa = PBXFileReference; fileEncoding = 4; lastKnownFileType = sourcecode.swift; path = AirportCodeTableViewCell.swift; sourceTree = "<group>"; };
		A49B97CC1D552DBE0004F0D3 /* MapViewController.swift */ = {isa = PBXFileReference; fileEncoding = 4; lastKnownFileType = sourcecode.swift; path = MapViewController.swift; sourceTree = "<group>"; };
/* End PBXFileReference section */

/* Begin PBXFrameworksBuildPhase section */
		A49B97A01D5529DB0004F0D3 /* Frameworks */ = {
			isa = PBXFrameworksBuildPhase;
			buildActionMask = 2147483647;
			files = (
				A43754EF1D5D066C0038DE67 /* MapKit.framework in Frameworks */,
			);
			runOnlyForDeploymentPostprocessing = 0;
		};
/* End PBXFrameworksBuildPhase section */

/* Begin PBXGroup section */
		A49B979A1D5529DB0004F0D3 = {
			isa = PBXGroup;
			children = (
				A43754EE1D5D066C0038DE67 /* MapKit.framework */,
				A49B97A51D5529DB0004F0D3 /* trvlAir */,
				A49B97A41D5529DB0004F0D3 /* Products */,
			);
			sourceTree = "<group>";
		};
		A49B97A41D5529DB0004F0D3 /* Products */ = {
			isa = PBXGroup;
			children = (
				A49B97A31D5529DB0004F0D3 /* trvlAir.app */,
			);
			name = Products;
			sourceTree = "<group>";
		};
		A49B97A51D5529DB0004F0D3 /* trvlAir */ = {
			isa = PBXGroup;
			children = (
				A49B97BC1D552A190004F0D3 /* Models */,
				A49B97BD1D552A2D0004F0D3 /* Views */,
				A49B97BA1D5529F00004F0D3 /* Controller */,
				A49B97AC1D5529DB0004F0D3 /* Main.storyboard */,
				A49B97BB1D552A030004F0D3 /* Supporting Files */,
			);
			path = trvlAir;
			sourceTree = "<group>";
		};
		A49B97BA1D5529F00004F0D3 /* Controller */ = {
			isa = PBXGroup;
			children = (
				A49B97BE1D552A680004F0D3 /* HomeViewController.swift */,
				A49B97C01D552A9A0004F0D3 /* TripsTableViewController.swift */,
				A49B97C21D552AD40004F0D3 /* AirportViewController.swift */,
				A49B97CC1D552DBE0004F0D3 /* MapViewController.swift */,
				A49B97C41D552B000004F0D3 /* APIController.swift */,
			);
			name = Controller;
			sourceTree = "<group>";
		};
		A49B97BB1D552A030004F0D3 /* Supporting Files */ = {
			isa = PBXGroup;
			children = (
				A49B97A61D5529DB0004F0D3 /* AppDelegate.swift */,
				A49B97AF1D5529DB0004F0D3 /* Assets.xcassets */,
				A49B97B11D5529DB0004F0D3 /* LaunchScreen.storyboard */,
				A49B97B41D5529DB0004F0D3 /* Info.plist */,
			);
			name = "Supporting Files";
			sourceTree = "<group>";
		};
		A49B97BC1D552A190004F0D3 /* Models */ = {
			isa = PBXGroup;
			children = (
				A49B97C81D552D5C0004F0D3 /* Airport.swift */,
				A49B97C61D552D3E0004F0D3 /* DataStore.swift */,
			);
			name = Models;
			sourceTree = "<group>";
		};
		A49B97BD1D552A2D0004F0D3 /* Views */ = {
			isa = PBXGroup;
			children = (
				A49B97CA1D552D850004F0D3 /* AirportCodeTableViewCell.swift */,
			);
			name = Views;
			sourceTree = "<group>";
		};
/* End PBXGroup section */

/* Begin PBXNativeTarget section */
		A49B97A21D5529DB0004F0D3 /* trvlAir */ = {
			isa = PBXNativeTarget;
			buildConfigurationList = A49B97B71D5529DB0004F0D3 /* Build configuration list for PBXNativeTarget "trvlAir" */;
			buildPhases = (
				A49B979F1D5529DB0004F0D3 /* Sources */,
				A49B97A01D5529DB0004F0D3 /* Frameworks */,
				A49B97A11D5529DB0004F0D3 /* Resources */,
			);
			buildRules = (
			);
			dependencies = (
			);
			name = trvlAir;
			productName = trvlAir;
			productReference = A49B97A31D5529DB0004F0D3 /* trvlAir.app */;
			productType = "com.apple.product-type.application";
		};
/* End PBXNativeTarget section */

/* Begin PBXProject section */
		A49B979B1D5529DB0004F0D3 /* Project object */ = {
			isa = PBXProject;
			attributes = {
				LastSwiftUpdateCheck = 0730;
				LastUpgradeCheck = 0730;
				ORGANIZATIONNAME = "trvl, LLC";
				TargetAttributes = {
					A49B97A21D5529DB0004F0D3 = {
						CreatedOnToolsVersion = 7.3;
						DevelopmentTeam = 7QLQZLZHA6;
						LastSwiftMigration = 0800;
						SystemCapabilities = {
							com.apple.Maps.iOS = {
								enabled = 1;
							};
						};
					};
				};
			};
			buildConfigurationList = A49B979E1D5529DB0004F0D3 /* Build configuration list for PBXProject "trvlAir" */;
			compatibilityVersion = "Xcode 3.2";
			developmentRegion = English;
			hasScannedForEncodings = 0;
			knownRegions = (
				en,
				Base,
			);
			mainGroup = A49B979A1D5529DB0004F0D3;
			productRefGroup = A49B97A41D5529DB0004F0D3 /* Products */;
			projectDirPath = "";
			projectRoot = "";
			targets = (
				A49B97A21D5529DB0004F0D3 /* trvlAir */,
			);
		};
/* End PBXProject section */

/* Begin PBXResourcesBuildPhase section */
		A49B97A11D5529DB0004F0D3 /* Resources */ = {
			isa = PBXResourcesBuildPhase;
			buildActionMask = 2147483647;
			files = (
				A49B97B31D5529DB0004F0D3 /* LaunchScreen.storyboard in Resources */,
				A49B97B01D5529DB0004F0D3 /* Assets.xcassets in Resources */,
				A49B97AE1D5529DB0004F0D3 /* Main.storyboard in Resources */,
			);
			runOnlyForDeploymentPostprocessing = 0;
		};
/* End PBXResourcesBuildPhase section */

/* Begin PBXSourcesBuildPhase section */
		A49B979F1D5529DB0004F0D3 /* Sources */ = {
			isa = PBXSourcesBuildPhase;
			buildActionMask = 2147483647;
			files = (
				A49B97CB1D552D850004F0D3 /* AirportCodeTableViewCell.swift in Sources */,
				A49B97C51D552B000004F0D3 /* APIController.swift in Sources */,
				A49B97C71D552D3E0004F0D3 /* DataStore.swift in Sources */,
				A49B97A71D5529DB0004F0D3 /* AppDelegate.swift in Sources */,
				A49B97CD1D552DBE0004F0D3 /* MapViewController.swift in Sources */,
				A49B97C91D552D5C0004F0D3 /* Airport.swift in Sources */,
				A49B97C11D552A9A0004F0D3 /* TripsTableViewController.swift in Sources */,
				A49B97C31D552AD40004F0D3 /* AirportViewController.swift in Sources */,
				A49B97BF1D552A680004F0D3 /* HomeViewController.swift in Sources */,
			);
			runOnlyForDeploymentPostprocessing = 0;
		};
/* End PBXSourcesBuildPhase section */

/* Begin PBXVariantGroup section */
		A49B97AC1D5529DB0004F0D3 /* Main.storyboard */ = {
			isa = PBXVariantGroup;
			children = (
				A49B97AD1D5529DB0004F0D3 /* Base */,
			);
			name = Main.storyboard;
			sourceTree = "<group>";
		};
		A49B97B11D5529DB0004F0D3 /* LaunchScreen.storyboard */ = {
			isa = PBXVariantGroup;
			children = (
				A49B97B21D5529DB0004F0D3 /* Base */,
			);
			name = LaunchScreen.storyboard;
			sourceTree = "<group>";
		};
/* End PBXVariantGroup section */

/* Begin XCBuildConfiguration section */
		A49B97B51D5529DB0004F0D3 /* Debug */ = {
			isa = XCBuildConfiguration;
			buildSettings = {
				ALWAYS_SEARCH_USER_PATHS = NO;
				CLANG_ANALYZER_NONNULL = YES;
				CLANG_CXX_LANGUAGE_STANDARD = "gnu++0x";
				CLANG_CXX_LIBRARY = "libc++";
				CLANG_ENABLE_MODULES = YES;
				CLANG_ENABLE_OBJC_ARC = YES;
				CLANG_WARN_BOOL_CONVERSION = YES;
				CLANG_WARN_CONSTANT_CONVERSION = YES;
				CLANG_WARN_DIRECT_OBJC_ISA_USAGE = YES_ERROR;
				CLANG_WARN_EMPTY_BODY = YES;
				CLANG_WARN_ENUM_CONVERSION = YES;
				CLANG_WARN_INT_CONVERSION = YES;
				CLANG_WARN_OBJC_ROOT_CLASS = YES_ERROR;
				CLANG_WARN_UNREACHABLE_CODE = YES;
				CLANG_WARN__DUPLICATE_METHOD_MATCH = YES;
				"CODE_SIGN_IDENTITY[sdk=iphoneos*]" = "iPhone Developer";
				COPY_PHASE_STRIP = NO;
				DEBUG_INFORMATION_FORMAT = dwarf;
				ENABLE_STRICT_OBJC_MSGSEND = YES;
				ENABLE_TESTABILITY = YES;
				GCC_C_LANGUAGE_STANDARD = gnu99;
				GCC_DYNAMIC_NO_PIC = NO;
				GCC_NO_COMMON_BLOCKS = YES;
				GCC_OPTIMIZATION_LEVEL = 0;
				GCC_PREPROCESSOR_DEFINITIONS = (
					"DEBUG=1",
					"$(inherited)",
				);
				GCC_WARN_64_TO_32_BIT_CONVERSION = YES;
				GCC_WARN_ABOUT_RETURN_TYPE = YES_ERROR;
				GCC_WARN_UNDECLARED_SELECTOR = YES;
				GCC_WARN_UNINITIALIZED_AUTOS = YES_AGGRESSIVE;
				GCC_WARN_UNUSED_FUNCTION = YES;
				GCC_WARN_UNUSED_VARIABLE = YES;
				IPHONEOS_DEPLOYMENT_TARGET = 9.3;
				MTL_ENABLE_DEBUG_INFO = YES;
				ONLY_ACTIVE_ARCH = YES;
				SDKROOT = iphoneos;
				SWIFT_OPTIMIZATION_LEVEL = "-Onone";
			};
			name = Debug;
		};
		A49B97B61D5529DB0004F0D3 /* Release */ = {
			isa = XCBuildConfiguration;
			buildSettings = {
				ALWAYS_SEARCH_USER_PATHS = NO;
				CLANG_ANALYZER_NONNULL = YES;
				CLANG_CXX_LANGUAGE_STANDARD = "gnu++0x";
				CLANG_CXX_LIBRARY = "libc++";
				CLANG_ENABLE_MODULES = YES;
				CLANG_ENABLE_OBJC_ARC = YES;
				CLANG_WARN_BOOL_CONVERSION = YES;
				CLANG_WARN_CONSTANT_CONVERSION = YES;
				CLANG_WARN_DIRECT_OBJC_ISA_USAGE = YES_ERROR;
				CLANG_WARN_EMPTY_BODY = YES;
				CLANG_WARN_ENUM_CONVERSION = YES;
				CLANG_WARN_INT_CONVERSION = YES;
				CLANG_WARN_OBJC_ROOT_CLASS = YES_ERROR;
				CLANG_WARN_UNREACHABLE_CODE = YES;
				CLANG_WARN__DUPLICATE_METHOD_MATCH = YES;
				"CODE_SIGN_IDENTITY[sdk=iphoneos*]" = "iPhone Developer";
				COPY_PHASE_STRIP = NO;
				DEBUG_INFORMATION_FORMAT = "dwarf-with-dsym";
				ENABLE_NS_ASSERTIONS = NO;
				ENABLE_STRICT_OBJC_MSGSEND = YES;
				GCC_C_LANGUAGE_STANDARD = gnu99;
				GCC_NO_COMMON_BLOCKS = YES;
				GCC_WARN_64_TO_32_BIT_CONVERSION = YES;
				GCC_WARN_ABOUT_RETURN_TYPE = YES_ERROR;
				GCC_WARN_UNDECLARED_SELECTOR = YES;
				GCC_WARN_UNINITIALIZED_AUTOS = YES_AGGRESSIVE;
				GCC_WARN_UNUSED_FUNCTION = YES;
				GCC_WARN_UNUSED_VARIABLE = YES;
				IPHONEOS_DEPLOYMENT_TARGET = 9.3;
				MTL_ENABLE_DEBUG_INFO = NO;
				SDKROOT = iphoneos;
				VALIDATE_PRODUCT = YES;
			};
			name = Release;
		};
		A49B97B81D5529DB0004F0D3 /* Debug */ = {
			isa = XCBuildConfiguration;
			buildSettings = {
				ASSETCATALOG_COMPILER_APPICON_NAME = AppIcon;
				CODE_SIGN_IDENTITY = "iPhone Developer";
				INFOPLIST_FILE = trvlAir/Info.plist;
				LD_RUNPATH_SEARCH_PATHS = "$(inherited) @executable_path/Frameworks";
				PRODUCT_BUNDLE_IDENTIFIER = com.jsanchezrides.trvlAir;
				PRODUCT_NAME = "$(TARGET_NAME)";
				SWIFT_VERSION = 3.0;
			};
			name = Debug;
		};
		A49B97B91D5529DB0004F0D3 /* Release */ = {
			isa = XCBuildConfiguration;
			buildSettings = {
				ASSETCATALOG_COMPILER_APPICON_NAME = AppIcon;
				CODE_SIGN_IDENTITY = "iPhone Developer";
				INFOPLIST_FILE = trvlAir/Info.plist;
				LD_RUNPATH_SEARCH_PATHS = "$(inherited) @executable_path/Frameworks";
				PRODUCT_BUNDLE_IDENTIFIER = com.jsanchezrides.trvlAir;
				PRODUCT_NAME = "$(TARGET_NAME)";
				SWIFT_VERSION = 3.0;
			};
			name = Release;
		};
/* End XCBuildConfiguration section */

/* Begin XCConfigurationList section */
		A49B979E1D5529DB0004F0D3 /* Build configuration list for PBXProject "trvlAir" */ = {
			isa = XCConfigurationList;
			buildConfigurations = (
				A49B97B51D5529DB0004F0D3 /* Debug */,
				A49B97B61D5529DB0004F0D3 /* Release */,
			);
			defaultConfigurationIsVisible = 0;
			defaultConfigurationName = Release;
		};
		A49B97B71D5529DB0004F0D3 /* Build configuration list for PBXNativeTarget "trvlAir" */ = {
			isa = XCConfigurationList;
			buildConfigurations = (
				A49B97B81D5529DB0004F0D3 /* Debug */,
				A49B97B91D5529DB0004F0D3 /* Release */,
			);
			defaultConfigurationIsVisible = 0;
			defaultConfigurationName = Release;
		};
/* End XCConfigurationList section */
	};
	rootObject = A49B979B1D5529DB0004F0D3 /* Project object */;
}
